
Microsoft Visual Studio Solution File, Format Version 12.00
# Visual Studio Version 16
VisualStudioVersion = 16.0.30225.117
MinimumVisualStudioVersion = 10.0.40219.1
Project("{FAE04EC0-301F-11D3-BF4B-00C04F79EFBC}") = "LogicaProgramacao2", "LogicaProgramacao2\LogicaProgramacao2.csproj", "{42CA74B0-0E13-4295-83FE-16C7268DC084}"
EndProject
Global
	GlobalSection(SolutionConfigurationPlatforms) = preSolution
		Debug|Any CPU = Debug|Any CPU
		Release|Any CPU = Release|Any CPU
	EndGlobalSection
	GlobalSection(ProjectConfigurationPlatforms) = postSolution
		{42CA74B0-0E13-4295-83FE-16C7268DC084}.Debug|Any CPU.ActiveCfg = Debug|Any CPU
		{42CA74B0-0E13-4295-83FE-16C7268DC084}.Debug|Any CPU.Build.0 = Debug|Any CPU
		{42CA74B0-0E13-4295-83FE-16C7268DC084}.Release|Any CPU.ActiveCfg = Release|Any CPU
		{42CA74B0-0E13-4295-83FE-16C7268DC084}.Release|Any CPU.Build.0 = Release|Any CPU
	EndGlobalSection
	GlobalSection(SolutionProperties) = preSolution
		HideSolutionNode = FALSE
	EndGlobalSection
	GlobalSection(ExtensibilityGlobals) = postSolution
		SolutionGuid = {EA59D9A3-8442-40DA-B3D7-2F8396795D7E}
	EndGlobalSection
EndGlobal
